
Microsoft Visual Studio Solution File, Format Version 12.00
# Visual Studio Version 17
VisualStudioVersion = 17.6.33815.320
MinimumVisualStudioVersion = 10.0.40219.1
Project("{FAE04EC0-301F-11D3-BF4B-00C04F79EFBC}") = "ConsoleCalculator", "ConsoleCalculator.csproj", "{A6293359-7FF5-43D4-A320-D1A1D4ACCF31}"
EndProject
Global
	GlobalSection(SolutionConfigurationPlatforms) = preSolution
		Debug|Any CPU = Debug|Any CPU
		Release|Any CPU = Release|Any CPU
	EndGlobalSection
	GlobalSection(ProjectConfigurationPlatforms) = postSolution
		{A6293359-7FF5-43D4-A320-D1A1D4ACCF31}.Debug|Any CPU.ActiveCfg = Debug|Any CPU
		{A6293359-7FF5-43D4-A320-D1A1D4ACCF31}.Debug|Any CPU.Build.0 = Debug|Any CPU
		{A6293359-7FF5-43D4-A320-D1A1D4ACCF31}.Release|Any CPU.ActiveCfg = Release|Any CPU
		{A6293359-7FF5-43D4-A320-D1A1D4ACCF31}.Release|Any CPU.Build.0 = Release|Any CPU
	EndGlobalSection
	GlobalSection(SolutionProperties) = preSolution
		HideSolutionNode = FALSE
	EndGlobalSection
	GlobalSection(ExtensibilityGlobals) = postSolution
		SolutionGuid = {0FA64785-2803-47F2-AED0-12052882BC24}
	EndGlobalSection
EndGlobal
